
Microsoft Visual Studio Solution File, Format Version 12.00
# Visual Studio Version 17
VisualStudioVersion = 17.13.35825.156 d17.13
MinimumVisualStudioVersion = 10.0.40219.1
Project("{8BC9CEB8-8B4A-11D0-8D11-00A0C91BC942}") = "NumericalAnalysis", "NumericalAnalysis.vcxproj", "{159196DC-95C4-4B8E-B79E-7A83D0D91ECA}"
EndProject
Global
	GlobalSection(SolutionConfigurationPlatforms) = preSolution
		Debug|x64 = Debug|x64
		Debug|x86 = Debug|x86
		Release|x64 = Release|x64
		Release|x86 = Release|x86
	EndGlobalSection
	GlobalSection(ProjectConfigurationPlatforms) = postSolution
		{159196DC-95C4-4B8E-B79E-7A83D0D91ECA}.Debug|x64.ActiveCfg = Debug|x64
		{159196DC-95C4-4B8E-B79E-7A83D0D91ECA}.Debug|x64.Build.0 = Debug|x64
		{159196DC-95C4-4B8E-B79E-7A83D0D91ECA}.Debug|x86.ActiveCfg = Debug|Win32
		{159196DC-95C4-4B8E-B79E-7A83D0D91ECA}.Debug|x86.Build.0 = Debug|Win32
		{159196DC-95C4-4B8E-B79E-7A83D0D91ECA}.Release|x64.ActiveCfg = Release|x64
		{159196DC-95C4-4B8E-B79E-7A83D0D91ECA}.Release|x64.Build.0 = Release|x64
		{159196DC-95C4-4B8E-B79E-7A83D0D91ECA}.Release|x86.ActiveCfg = Release|Win32
		{159196DC-95C4-4B8E-B79E-7A83D0D91ECA}.Release|x86.Build.0 = Release|Win32
	EndGlobalSection
	GlobalSection(SolutionProperties) = preSolution
		HideSolutionNode = FALSE
	EndGlobalSection
	GlobalSection(ExtensibilityGlobals) = postSolution
		SolutionGuid = {6BEE0E2D-1794-4675-8C01-CF6BB1FD1361}
	EndGlobalSection
EndGlobal
